// !$*UTF8*$!
{
	archiveVersion = 1;
	classes = {
	};
	objectVersion = 46;
	objects = {

/* Begin PBXBuildFile section */
		146188B41A2CE493004676CD /* IOKit.framework in Frameworks */ = {isa = PBXBuildFile; fileRef = 146188B31A2CE493004676CD /* IOKit.framework */; };
		1484D52E1A2DC04F00B1AB71 /* main.m in Sources */ = {isa = PBXBuildFile; fileRef = 1484D52D1A2DC04F00B1AB71 /* main.m */; };
/* End PBXBuildFile section */

/* Begin PBXCopyFilesBuildPhase section */
		143C1F261A2CE43F00586F6F /* CopyFiles */ = {
			isa = PBXCopyFilesBuildPhase;
			buildActionMask = 2147483647;
			dstPath = /usr/share/man/man1/;
			dstSubfolderSpec = 0;
			files = (
			);
			runOnlyForDeploymentPostprocessing = 1;
		};
/* End PBXCopyFilesBuildPhase section */

/* Begin PBXFileReference section */
		143C1F281A2CE43F00586F6F /* usbcontrol */ = {isa = PBXFileReference; explicitFileType = "compiled.mach-o.executable"; includeInIndex = 0; path = usbcontrol; sourceTree = BUILT_PRODUCTS_DIR; };
		146188B31A2CE493004676CD /* IOKit.framework */ = {isa = PBXFileReference; lastKnownFileType = wrapper.framework; name = IOKit.framework; path = System/Library/Frameworks/IOKit.framework; sourceTree = SDKROOT; };
		1484D52D1A2DC04F00B1AB71 /* main.m */ = {isa = PBXFileReference; fileEncoding = 4; lastKnownFileType = sourcecode.c.objc; name = main.m; path = usbcontrol/main.m; sourceTree = SOURCE_ROOT; };
/* End PBXFileReference section */

/* Begin PBXFrameworksBuildPhase section */
		143C1F251A2CE43F00586F6F /* Frameworks */ = {
			isa = PBXFrameworksBuildPhase;
			buildActionMask = 2147483647;
			files = (
				146188B41A2CE493004676CD /* IOKit.framework in Frameworks */,
			);
			runOnlyForDeploymentPostprocessing = 0;
		};
/* End PBXFrameworksBuildPhase section */

/* Begin PBXGroup section */
		143C1F1F1A2CE43F00586F6F = {
			isa = PBXGroup;
			children = (
				146188B31A2CE493004676CD /* IOKit.framework */,
				143C1F2A1A2CE43F00586F6F /* usbcontrol */,
				143C1F291A2CE43F00586F6F /* Products */,
			);
			sourceTree = "<group>";
		};
		143C1F291A2CE43F00586F6F /* Products */ = {
			isa = PBXGroup;
			children = (
				143C1F281A2CE43F00586F6F /* usbcontrol */,
			);
			name = Products;
			sourceTree = "<group>";
		};
		143C1F2A1A2CE43F00586F6F /* usbcontrol */ = {
			isa = PBXGroup;
			children = (
				1484D52D1A2DC04F00B1AB71 /* main.m */,
			);
			name = usbcontrol;
			path = usbcontrol;
			sourceTree = "<group>";
		};
/* End PBXGroup section */

/* Begin PBXNativeTarget section */
		143C1F271A2CE43F00586F6F /* usbcontrol */ = {
			isa = PBXNativeTarget;
			buildConfigurationList = 143C1F2F1A2CE43F00586F6F /* Build configuration list for PBXNativeTarget "usbcontrol" */;
			buildPhases = (
				143C1F241A2CE43F00586F6F /* Sources */,
				143C1F251A2CE43F00586F6F /* Frameworks */,
				143C1F261A2CE43F00586F6F /* CopyFiles */,
			);
			buildRules = (
			);
			dependencies = (
			);
			name = usbcontrol;
			productName = usbcontrol;
			productReference = 143C1F281A2CE43F00586F6F /* usbcontrol */;
			productType = "com.apple.product-type.tool";
		};
/* End PBXNativeTarget section */

/* Begin PBXProject section */
		143C1F201A2CE43F00586F6F /* Project object */ = {
			isa = PBXProject;
			attributes = {
				LastUpgradeCheck = 0600;
				ORGANIZATIONNAME = Signal24;
				TargetAttributes = {
					143C1F271A2CE43F00586F6F = {
						CreatedOnToolsVersion = 6.0;
					};
				};
			};
			buildConfigurationList = 143C1F231A2CE43F00586F6F /* Build configuration list for PBXProject "usbcontrol" */;
			compatibilityVersion = "Xcode 3.2";
			developmentRegion = English;
			hasScannedForEncodings = 0;
			knownRegions = (
				en,
			);
			mainGroup = 143C1F1F1A2CE43F00586F6F;
			productRefGroup = 143C1F291A2CE43F00586F6F /* Products */;
			projectDirPath = "";
			projectRoot = "";
			targets = (
				143C1F271A2CE43F00586F6F /* usbcontrol */,
			);
		};
/* End PBXProject section */

/* Begin PBXSourcesBuildPhase section */
		143C1F241A2CE43F00586F6F /* Sources */ = {
			isa = PBXSourcesBuildPhase;
			buildActionMask = 2147483647;
			files = (
				1484D52E1A2DC04F00B1AB71 /* main.m in Sources */,
			);
			runOnlyForDeploymentPostprocessing = 0;
		};
/* End PBXSourcesBuildPhase section */

/* Begin XCBuildConfiguration section */
		143C1F2D1A2CE43F00586F6F /* Debug */ = {
			isa = XCBuildConfiguration;
			buildSettings = {
				ALWAYS_SEARCH_USER_PATHS = NO;
				CLANG_CXX_LANGUAGE_STANDARD = "gnu++0x";
				CLANG_CXX_LIBRARY = "libc++";
				CLANG_ENABLE_MODULES = YES;
				CLANG_ENABLE_OBJC_ARC = YES;
				CLANG_WARN_BOOL_CONVERSION = YES;
				CLANG_WARN_CONSTANT_CONVERSION = YES;
				CLANG_WARN_DIRECT_OBJC_ISA_USAGE = YES_ERROR;
				CLANG_WARN_EMPTY_BODY = YES;
				CLANG_WARN_ENUM_CONVERSION = YES;
				CLANG_WARN_INT_CONVERSION = YES;
				CLANG_WARN_OBJC_ROOT_CLASS = YES_ERROR;
				CLANG_WARN_UNREACHABLE_CODE = YES;
				CLANG_WARN__DUPLICATE_METHOD_MATCH = YES;
				COPY_PHASE_STRIP = NO;
				ENABLE_STRICT_OBJC_MSGSEND = YES;
				GCC_C_LANGUAGE_STANDARD = gnu99;
				GCC_DYNAMIC_NO_PIC = NO;
				GCC_OPTIMIZATION_LEVEL = 0;
				GCC_PREPROCESSOR_DEFINITIONS = (
					"DEBUG=1",
					"$(inherited)",
				);
				GCC_SYMBOLS_PRIVATE_EXTERN = NO;
				GCC_WARN_64_TO_32_BIT_CONVERSION = YES;
				GCC_WARN_ABOUT_RETURN_TYPE = YES_ERROR;
				GCC_WARN_UNDECLARED_SELECTOR = YES;
				GCC_WARN_UNINITIALIZED_AUTOS = YES_AGGRESSIVE;
				GCC_WARN_UNUSED_FUNCTION = YES;
				GCC_WARN_UNUSED_VARIABLE = YES;
				MACOSX_DEPLOYMENT_TARGET = 10.9;
				MTL_ENABLE_DEBUG_INFO = YES;
				ONLY_ACTIVE_ARCH = YES;
				SDKROOT = macosx10.9;
			};
			name = Debug;
		};
		143C1F2E1A2CE43F00586F6F /* Release */ = {
			isa = XCBuildConfiguration;
			buildSettings = {
				ALWAYS_SEARCH_USER_PATHS = NO;
				CLANG_CXX_LANGUAGE_STANDARD = "gnu++0x";
				CLANG_CXX_LIBRARY = "libc++";
				CLANG_ENABLE_MODULES = YES;
				CLANG_ENABLE_OBJC_ARC = YES;
				CLANG_WARN_BOOL_CONVERSION = YES;
				CLANG_WARN_CONSTANT_CONVERSION = YES;
				CLANG_WARN_DIRECT_OBJC_ISA_USAGE = YES_ERROR;
				CLANG_WARN_EMPTY_BODY = YES;
				CLANG_WARN_ENUM_CONVERSION = YES;
				CLANG_WARN_INT_CONVERSION = YES;
				CLANG_WARN_OBJC_ROOT_CLASS = YES_ERROR;
				CLANG_WARN_UNREACHABLE_CODE = YES;
				CLANG_WARN__DUPLICATE_METHOD_MATCH = YES;
				COPY_PHASE_STRIP = YES;
				DEBUG_INFORMATION_FORMAT = "dwarf-with-dsym";
				ENABLE_NS_ASSERTIONS = NO;
				ENABLE_STRICT_OBJC_MSGSEND = YES;
				GCC_C_LANGUAGE_STANDARD = gnu99;
				GCC_WARN_64_TO_32_BIT_CONVERSION = YES;
				GCC_WARN_ABOUT_RETURN_TYPE = YES_ERROR;
				GCC_WARN_UNDECLARED_SELECTOR = YES;
				GCC_WARN_UNINITIALIZED_AUTOS = YES_AGGRESSIVE;
				GCC_WARN_UNUSED_FUNCTION = YES;
				GCC_WARN_UNUSED_VARIABLE = YES;
				MACOSX_DEPLOYMENT_TARGET = 10.9;
				MTL_ENABLE_DEBUG_INFO = NO;
				SDKROOT = macosx10.9;
			};
			name = Release;
		};
		143C1F301A2CE43F00586F6F /* Debug */ = {
			isa = XCBuildConfiguration;
			buildSettings = {
				PRODUCT_NAME = usbcontrol;
				SDKROOT = macosx10.9;
			};
			name = Debug;
		};
		143C1F311A2CE43F00586F6F /* Release */ = {
			isa = XCBuildConfiguration;
			buildSettings = {
				PRODUCT_NAME = usbcontrol;
				SDKROOT = macosx10.9;
			};
			name = Release;
		};
/* End XCBuildConfiguration section */

/* Begin XCConfigurationList section */
		143C1F231A2CE43F00586F6F /* Build configuration list for PBXProject "usbcontrol" */ = {
			isa = XCConfigurationList;
			buildConfigurations = (
				143C1F2D1A2CE43F00586F6F /* Debug */,
				143C1F2E1A2CE43F00586F6F /* Release */,
			);
			defaultConfigurationIsVisible = 0;
			defaultConfigurationName = Release;
		};
		143C1F2F1A2CE43F00586F6F /* Build configuration list for PBXNativeTarget "usbcontrol" */ = {
			isa = XCConfigurationList;
			buildConfigurations = (
				143C1F301A2CE43F00586F6F /* Debug */,
				143C1F311A2CE43F00586F6F /* Release */,
			);
			defaultConfigurationIsVisible = 0;
			defaultConfigurationName = Release;
		};
/* End XCConfigurationList section */
	};
	rootObject = 143C1F201A2CE43F00586F6F /* Project object */;
}
